
Microsoft Visual Studio Solution File, Format Version 12.00
# Visual Studio Version 16
VisualStudioVersion = 16.0.30114.105
MinimumVisualStudioVersion = 10.0.40219.1
Project("{FAE04EC0-301F-11D3-BF4B-00C04F79EFBC}") = "Common", "Common\Common.csproj", "{BB781D39-03B5-4D9E-A207-A8C2326547B7}"
EndProject
Project("{FAE04EC0-301F-11D3-BF4B-00C04F79EFBC}") = "Lab1.Solvers", "Lab1\Lab1.Solvers\Lab1.Solvers.csproj", "{00504643-5EF9-414D-A552-CE2C44FF0222}"
EndProject
Project("{FAE04EC0-301F-11D3-BF4B-00C04F79EFBC}") = "Lab1.Tests", "Lab1\Lab1.Tests\Lab1.Tests.csproj", "{1323ACCB-E552-4316-A953-7BFA37EB368E}"
EndProject
Project("{FAE04EC0-301F-11D3-BF4B-00C04F79EFBC}") = "Common.Tests", "Common.Tests\Common.Tests.csproj", "{57F1ACAB-3863-4459-AFE9-4250938E9418}"
EndProject
Project("{FAE04EC0-301F-11D3-BF4B-00C04F79EFBC}") = "Lab1.Runner", "Lab1\Lab1.Runner\Lab1.Runner.csproj", "{7C09B14C-48A3-42C0-8751-216BA6427494}"
EndProject
Project("{FAE04EC0-301F-11D3-BF4B-00C04F79EFBC}") = "Lab1.AlphaRunner", "Lab1\Lab1.AlphaRunner\Lab1.AlphaRunner.csproj", "{A1BAB249-5EBC-452A-B8E8-89C45516EF5B}"
EndProject
Project("{2150E333-8FDC-42A3-9474-1A3956D46DE8}") = "Lab1", "Lab1", "{97E5A865-53EC-4E08-BB1A-AF32B3F98BBF}"
EndProject
Project("{2150E333-8FDC-42A3-9474-1A3956D46DE8}") = "Lab2", "Lab2", "{0BE22D7F-9BB7-4A3B-8D67-D8F85F59E7C5}"
EndProject
Project("{FAE04EC0-301F-11D3-BF4B-00C04F79EFBC}") = "Lab2", "Lab2\Lab2.Solvers\Lab2.Solvers.csproj", "{C45CFD91-31C0-4EEB-8B9A-AB9AB240B31F}"
EndProject
Project("{FAE04EC0-301F-11D3-BF4B-00C04F79EFBC}") = "Lab2.Tests", "Lab2\Lab2.Tests\Lab2.Tests.csproj", "{BC155BC9-6E74-420E-991C-624FFD913EDD}"
EndProject
Global
	GlobalSection(SolutionConfigurationPlatforms) = preSolution
		Debug|Any CPU = Debug|Any CPU
		Release|Any CPU = Release|Any CPU
	EndGlobalSection
	GlobalSection(SolutionProperties) = preSolution
		HideSolutionNode = FALSE
	EndGlobalSection
	GlobalSection(ProjectConfigurationPlatforms) = postSolution
		{BB781D39-03B5-4D9E-A207-A8C2326547B7}.Debug|Any CPU.ActiveCfg = Debug|Any CPU
		{BB781D39-03B5-4D9E-A207-A8C2326547B7}.Debug|Any CPU.Build.0 = Debug|Any CPU
		{BB781D39-03B5-4D9E-A207-A8C2326547B7}.Release|Any CPU.ActiveCfg = Release|Any CPU
		{BB781D39-03B5-4D9E-A207-A8C2326547B7}.Release|Any CPU.Build.0 = Release|Any CPU
		{00504643-5EF9-414D-A552-CE2C44FF0222}.Debug|Any CPU.ActiveCfg = Debug|Any CPU
		{00504643-5EF9-414D-A552-CE2C44FF0222}.Debug|Any CPU.Build.0 = Debug|Any CPU
		{00504643-5EF9-414D-A552-CE2C44FF0222}.Release|Any CPU.ActiveCfg = Release|Any CPU
		{00504643-5EF9-414D-A552-CE2C44FF0222}.Release|Any CPU.Build.0 = Release|Any CPU
		{1323ACCB-E552-4316-A953-7BFA37EB368E}.Debug|Any CPU.ActiveCfg = Debug|Any CPU
		{1323ACCB-E552-4316-A953-7BFA37EB368E}.Debug|Any CPU.Build.0 = Debug|Any CPU
		{1323ACCB-E552-4316-A953-7BFA37EB368E}.Release|Any CPU.ActiveCfg = Release|Any CPU
		{1323ACCB-E552-4316-A953-7BFA37EB368E}.Release|Any CPU.Build.0 = Release|Any CPU
		{57F1ACAB-3863-4459-AFE9-4250938E9418}.Debug|Any CPU.ActiveCfg = Debug|Any CPU
		{57F1ACAB-3863-4459-AFE9-4250938E9418}.Debug|Any CPU.Build.0 = Debug|Any CPU
		{57F1ACAB-3863-4459-AFE9-4250938E9418}.Release|Any CPU.ActiveCfg = Release|Any CPU
		{57F1ACAB-3863-4459-AFE9-4250938E9418}.Release|Any CPU.Build.0 = Release|Any CPU
		{7C09B14C-48A3-42C0-8751-216BA6427494}.Debug|Any CPU.ActiveCfg = Debug|Any CPU
		{7C09B14C-48A3-42C0-8751-216BA6427494}.Debug|Any CPU.Build.0 = Debug|Any CPU
		{7C09B14C-48A3-42C0-8751-216BA6427494}.Release|Any CPU.ActiveCfg = Release|Any CPU
		{7C09B14C-48A3-42C0-8751-216BA6427494}.Release|Any CPU.Build.0 = Release|Any CPU
		{A1BAB249-5EBC-452A-B8E8-89C45516EF5B}.Debug|Any CPU.ActiveCfg = Debug|Any CPU
		{A1BAB249-5EBC-452A-B8E8-89C45516EF5B}.Debug|Any CPU.Build.0 = Debug|Any CPU
		{A1BAB249-5EBC-452A-B8E8-89C45516EF5B}.Release|Any CPU.ActiveCfg = Release|Any CPU
		{A1BAB249-5EBC-452A-B8E8-89C45516EF5B}.Release|Any CPU.Build.0 = Release|Any CPU
		{C45CFD91-31C0-4EEB-8B9A-AB9AB240B31F}.Debug|Any CPU.ActiveCfg = Debug|Any CPU
		{C45CFD91-31C0-4EEB-8B9A-AB9AB240B31F}.Debug|Any CPU.Build.0 = Debug|Any CPU
		{C45CFD91-31C0-4EEB-8B9A-AB9AB240B31F}.Release|Any CPU.ActiveCfg = Release|Any CPU
		{C45CFD91-31C0-4EEB-8B9A-AB9AB240B31F}.Release|Any CPU.Build.0 = Release|Any CPU
		{BC155BC9-6E74-420E-991C-624FFD913EDD}.Debug|Any CPU.ActiveCfg = Debug|Any CPU
		{BC155BC9-6E74-420E-991C-624FFD913EDD}.Debug|Any CPU.Build.0 = Debug|Any CPU
		{BC155BC9-6E74-420E-991C-624FFD913EDD}.Release|Any CPU.ActiveCfg = Release|Any CPU
		{BC155BC9-6E74-420E-991C-624FFD913EDD}.Release|Any CPU.Build.0 = Release|Any CPU
	EndGlobalSection
	GlobalSection(NestedProjects) = preSolution
		{00504643-5EF9-414D-A552-CE2C44FF0222} = {97E5A865-53EC-4E08-BB1A-AF32B3F98BBF}
		{A1BAB249-5EBC-452A-B8E8-89C45516EF5B} = {97E5A865-53EC-4E08-BB1A-AF32B3F98BBF}
		{7C09B14C-48A3-42C0-8751-216BA6427494} = {97E5A865-53EC-4E08-BB1A-AF32B3F98BBF}
		{1323ACCB-E552-4316-A953-7BFA37EB368E} = {97E5A865-53EC-4E08-BB1A-AF32B3F98BBF}
		{C45CFD91-31C0-4EEB-8B9A-AB9AB240B31F} = {0BE22D7F-9BB7-4A3B-8D67-D8F85F59E7C5}
		{BC155BC9-6E74-420E-991C-624FFD913EDD} = {0BE22D7F-9BB7-4A3B-8D67-D8F85F59E7C5}
	EndGlobalSection
EndGlobal
